
Microsoft Visual Studio Solution File, Format Version 12.00
# Visual Studio 15
VisualStudioVersion = 15.0.28307.539
MinimumVisualStudioVersion = 10.0.40219.1
Project("{FAE04EC0-301F-11D3-BF4B-00C04F79EFBC}") = "SalesDb.WinFormsApp", "SalesDb.WinFormsApp\SalesDb.WinFormsApp.csproj", "{F2DE53F5-0901-4BF0-9FB2-F9F41BACF9D5}"
EndProject
Project("{FAE04EC0-301F-11D3-BF4B-00C04F79EFBC}") = "SalesDb.DataAccess", "SalesDb.DataAccess\SalesDb.DataAccess.csproj", "{4DC64A27-F46B-4D0B-8D57-8EAB55B3A86C}"
EndProject
Global
	GlobalSection(SolutionConfigurationPlatforms) = preSolution
		Debug|Any CPU = Debug|Any CPU
		Release|Any CPU = Release|Any CPU
	EndGlobalSection
	GlobalSection(ProjectConfigurationPlatforms) = postSolution
		{F2DE53F5-0901-4BF0-9FB2-F9F41BACF9D5}.Debug|Any CPU.ActiveCfg = Debug|Any CPU
		{F2DE53F5-0901-4BF0-9FB2-F9F41BACF9D5}.Debug|Any CPU.Build.0 = Debug|Any CPU
		{F2DE53F5-0901-4BF0-9FB2-F9F41BACF9D5}.Release|Any CPU.ActiveCfg = Release|Any CPU
		{F2DE53F5-0901-4BF0-9FB2-F9F41BACF9D5}.Release|Any CPU.Build.0 = Release|Any CPU
		{4DC64A27-F46B-4D0B-8D57-8EAB55B3A86C}.Debug|Any CPU.ActiveCfg = Debug|Any CPU
		{4DC64A27-F46B-4D0B-8D57-8EAB55B3A86C}.Debug|Any CPU.Build.0 = Debug|Any CPU
		{4DC64A27-F46B-4D0B-8D57-8EAB55B3A86C}.Release|Any CPU.ActiveCfg = Release|Any CPU
		{4DC64A27-F46B-4D0B-8D57-8EAB55B3A86C}.Release|Any CPU.Build.0 = Release|Any CPU
	EndGlobalSection
	GlobalSection(SolutionProperties) = preSolution
		HideSolutionNode = FALSE
	EndGlobalSection
	GlobalSection(ExtensibilityGlobals) = postSolution
		SolutionGuid = {2E5F0915-BDCF-48FF-9199-7C568E998C96}
	EndGlobalSection
EndGlobal
